
Microsoft Visual Studio Solution File, Format Version 12.00
# Visual Studio Version 17
VisualStudioVersion = 17.0.31903.59
MinimumVisualStudioVersion = 10.0.40219.1
Project("{FAE04EC0-301F-11D3-BF4B-00C04F79EFBC}") = "SmoothOperator", "SmoothOperator\SmoothOperator.csproj", "{74D3AC86-B6B0-466C-BD3C-EBCB509B1C50}"
EndProject
Project("{FAE04EC0-301F-11D3-BF4B-00C04F79EFBC}") = "VariousOperators", "VariousOperators\VariousOperators.csproj", "{C58C611F-87F6-4BC9-A8C9-C924F507B372}"
EndProject
Project("{FAE04EC0-301F-11D3-BF4B-00C04F79EFBC}") = "Cilindro", "Cilindro\Cilindro.csproj", "{C27D066A-95F9-4C6E-A8FB-DC727B5D0496}"
EndProject
Project("{FAE04EC0-301F-11D3-BF4B-00C04F79EFBC}") = "ChatGPTZero", "ChatGPTZero\ChatGPTZero.csproj", "{4CED3D93-6F62-40B3-94E2-FFFF1F868520}"
EndProject
Project("{FAE04EC0-301F-11D3-BF4B-00C04F79EFBC}") = "ValoresEspeciais", "ValoresEspeciais\ValoresEspeciais.csproj", "{A67CD8FF-45F2-48E1-B346-9BCFB73917A2}"
EndProject
Project("{FAE04EC0-301F-11D3-BF4B-00C04F79EFBC}") = "BreakContinue", "BreakContinue\BreakContinue.csproj", "{8426129D-8B14-40EB-A65B-EEA9F5FB4C4D}"
EndProject
Project("{FAE04EC0-301F-11D3-BF4B-00C04F79EFBC}") = "ChatGPTOne", "ChatGPTOne\ChatGPTOne.csproj", "{53CD9384-AD4A-4263-87D4-96A45CCFCD8B}"
EndProject
Global
	GlobalSection(SolutionConfigurationPlatforms) = preSolution
		Debug|Any CPU = Debug|Any CPU
		Release|Any CPU = Release|Any CPU
	EndGlobalSection
	GlobalSection(SolutionProperties) = preSolution
		HideSolutionNode = FALSE
	EndGlobalSection
	GlobalSection(ProjectConfigurationPlatforms) = postSolution
		{74D3AC86-B6B0-466C-BD3C-EBCB509B1C50}.Debug|Any CPU.ActiveCfg = Debug|Any CPU
		{74D3AC86-B6B0-466C-BD3C-EBCB509B1C50}.Debug|Any CPU.Build.0 = Debug|Any CPU
		{74D3AC86-B6B0-466C-BD3C-EBCB509B1C50}.Release|Any CPU.ActiveCfg = Release|Any CPU
		{74D3AC86-B6B0-466C-BD3C-EBCB509B1C50}.Release|Any CPU.Build.0 = Release|Any CPU
		{C58C611F-87F6-4BC9-A8C9-C924F507B372}.Debug|Any CPU.ActiveCfg = Debug|Any CPU
		{C58C611F-87F6-4BC9-A8C9-C924F507B372}.Debug|Any CPU.Build.0 = Debug|Any CPU
		{C58C611F-87F6-4BC9-A8C9-C924F507B372}.Release|Any CPU.ActiveCfg = Release|Any CPU
		{C58C611F-87F6-4BC9-A8C9-C924F507B372}.Release|Any CPU.Build.0 = Release|Any CPU
		{C27D066A-95F9-4C6E-A8FB-DC727B5D0496}.Debug|Any CPU.ActiveCfg = Debug|Any CPU
		{C27D066A-95F9-4C6E-A8FB-DC727B5D0496}.Debug|Any CPU.Build.0 = Debug|Any CPU
		{C27D066A-95F9-4C6E-A8FB-DC727B5D0496}.Release|Any CPU.ActiveCfg = Release|Any CPU
		{C27D066A-95F9-4C6E-A8FB-DC727B5D0496}.Release|Any CPU.Build.0 = Release|Any CPU
		{4CED3D93-6F62-40B3-94E2-FFFF1F868520}.Debug|Any CPU.ActiveCfg = Debug|Any CPU
		{4CED3D93-6F62-40B3-94E2-FFFF1F868520}.Debug|Any CPU.Build.0 = Debug|Any CPU
		{4CED3D93-6F62-40B3-94E2-FFFF1F868520}.Release|Any CPU.ActiveCfg = Release|Any CPU
		{4CED3D93-6F62-40B3-94E2-FFFF1F868520}.Release|Any CPU.Build.0 = Release|Any CPU
		{A67CD8FF-45F2-48E1-B346-9BCFB73917A2}.Debug|Any CPU.ActiveCfg = Debug|Any CPU
		{A67CD8FF-45F2-48E1-B346-9BCFB73917A2}.Debug|Any CPU.Build.0 = Debug|Any CPU
		{A67CD8FF-45F2-48E1-B346-9BCFB73917A2}.Release|Any CPU.ActiveCfg = Release|Any CPU
		{A67CD8FF-45F2-48E1-B346-9BCFB73917A2}.Release|Any CPU.Build.0 = Release|Any CPU
		{8426129D-8B14-40EB-A65B-EEA9F5FB4C4D}.Debug|Any CPU.ActiveCfg = Debug|Any CPU
		{8426129D-8B14-40EB-A65B-EEA9F5FB4C4D}.Debug|Any CPU.Build.0 = Debug|Any CPU
		{8426129D-8B14-40EB-A65B-EEA9F5FB4C4D}.Release|Any CPU.ActiveCfg = Release|Any CPU
		{8426129D-8B14-40EB-A65B-EEA9F5FB4C4D}.Release|Any CPU.Build.0 = Release|Any CPU
		{53CD9384-AD4A-4263-87D4-96A45CCFCD8B}.Debug|Any CPU.ActiveCfg = Debug|Any CPU
		{53CD9384-AD4A-4263-87D4-96A45CCFCD8B}.Debug|Any CPU.Build.0 = Debug|Any CPU
		{53CD9384-AD4A-4263-87D4-96A45CCFCD8B}.Release|Any CPU.ActiveCfg = Release|Any CPU
		{53CD9384-AD4A-4263-87D4-96A45CCFCD8B}.Release|Any CPU.Build.0 = Release|Any CPU
	EndGlobalSection
EndGlobal
